
Microsoft Visual Studio Solution File, Format Version 12.00
# Visual Studio 14
VisualStudioVersion = 14.0.25420.1
MinimumVisualStudioVersion = 10.0.40219.1
Project("{FAE04EC0-301F-11D3-BF4B-00C04F79EFBC}") = "ThreadsVsTasks", "ThreadsVsTasks\ThreadsVsTasks.csproj", "{37C20AE8-D718-4383-94BA-2B8404248096}"
EndProject
Project("{FAE04EC0-301F-11D3-BF4B-00C04F79EFBC}") = "CreatingTasks", "CreatingTasks\CreatingTasks.csproj", "{2CE4FB81-2E43-40E1-B3F7-2F45E1A541E7}"
EndProject
Project("{FAE04EC0-301F-11D3-BF4B-00C04F79EFBC}") = "HandleUsingExHandle", "HandleUsingExHandle\HandleUsingExHandle.csproj", "{0463C585-F0DB-4583-A899-32C30B3B7793}"
EndProject
Project("{FAE04EC0-301F-11D3-BF4B-00C04F79EFBC}") = "Tasks", "Tasks\Tasks.csproj", "{8E7441CD-B5B7-4746-96F7-F7F1432DB13F}"
EndProject
Global
	GlobalSection(SolutionConfigurationPlatforms) = preSolution
		Debug|Any CPU = Debug|Any CPU
		Release|Any CPU = Release|Any CPU
	EndGlobalSection
	GlobalSection(ProjectConfigurationPlatforms) = postSolution
		{37C20AE8-D718-4383-94BA-2B8404248096}.Debug|Any CPU.ActiveCfg = Debug|Any CPU
		{37C20AE8-D718-4383-94BA-2B8404248096}.Debug|Any CPU.Build.0 = Debug|Any CPU
		{37C20AE8-D718-4383-94BA-2B8404248096}.Release|Any CPU.ActiveCfg = Release|Any CPU
		{37C20AE8-D718-4383-94BA-2B8404248096}.Release|Any CPU.Build.0 = Release|Any CPU
		{2CE4FB81-2E43-40E1-B3F7-2F45E1A541E7}.Debug|Any CPU.ActiveCfg = Debug|Any CPU
		{2CE4FB81-2E43-40E1-B3F7-2F45E1A541E7}.Debug|Any CPU.Build.0 = Debug|Any CPU
		{2CE4FB81-2E43-40E1-B3F7-2F45E1A541E7}.Release|Any CPU.ActiveCfg = Release|Any CPU
		{2CE4FB81-2E43-40E1-B3F7-2F45E1A541E7}.Release|Any CPU.Build.0 = Release|Any CPU
		{0463C585-F0DB-4583-A899-32C30B3B7793}.Debug|Any CPU.ActiveCfg = Debug|Any CPU
		{0463C585-F0DB-4583-A899-32C30B3B7793}.Debug|Any CPU.Build.0 = Debug|Any CPU
		{0463C585-F0DB-4583-A899-32C30B3B7793}.Release|Any CPU.ActiveCfg = Release|Any CPU
		{0463C585-F0DB-4583-A899-32C30B3B7793}.Release|Any CPU.Build.0 = Release|Any CPU
		{8E7441CD-B5B7-4746-96F7-F7F1432DB13F}.Debug|Any CPU.ActiveCfg = Debug|Any CPU
		{8E7441CD-B5B7-4746-96F7-F7F1432DB13F}.Debug|Any CPU.Build.0 = Debug|Any CPU
		{8E7441CD-B5B7-4746-96F7-F7F1432DB13F}.Release|Any CPU.ActiveCfg = Release|Any CPU
		{8E7441CD-B5B7-4746-96F7-F7F1432DB13F}.Release|Any CPU.Build.0 = Release|Any CPU
	EndGlobalSection
	GlobalSection(SolutionProperties) = preSolution
		HideSolutionNode = FALSE
	EndGlobalSection
EndGlobal
